
Microsoft Visual Studio Solution File, Format Version 12.00
# Visual Studio 2013
VisualStudioVersion = 12.0.31101.0
MinimumVisualStudioVersion = 10.0.40219.1
Project("{8BC9CEB8-8B4A-11D0-8D11-00A0C91BC942}") = "PhoneNumber", "PhoneNumber\PhoneNumber.vcxproj", "{8DBB6693-C891-4FA2-9B6B-C0797CFFB0EF}"
EndProject
Project("{8BC9CEB8-8B4A-11D0-8D11-00A0C91BC942}") = "Qmax", "Qmax\Qmax.vcxproj", "{84F1D248-6FFC-4DA1-BECB-828966AD5E40}"
EndProject
Project("{8BC9CEB8-8B4A-11D0-8D11-00A0C91BC942}") = "689D", "689D\689D.vcxproj", "{1A74C571-0C21-4421-BA25-272EAB2F2DC4}"
EndProject
Project("{8BC9CEB8-8B4A-11D0-8D11-00A0C91BC942}") = "682D", "682D\682D.vcxproj", "{C9747981-81EB-4DE7-A2E9-8C35BA5224C1}"
EndProject
Project("{8BC9CEB8-8B4A-11D0-8D11-00A0C91BC942}") = "KMIN", "KMIN\KMIN.vcxproj", "{8A471936-DC1C-4D8D-A266-CEF82BB51A2E}"
EndProject
Project("{8BC9CEB8-8B4A-11D0-8D11-00A0C91BC942}") = "514D", "514D\514D.vcxproj", "{26E6554B-4830-426D-A33F-9F0D7ED4B9D1}"
EndProject
Project("{8BC9CEB8-8B4A-11D0-8D11-00A0C91BC942}") = "687C", "687C\687C.vcxproj", "{CE89F23A-6821-4096-9A0B-AB5FFD3F6FD0}"
EndProject
Global
	GlobalSection(SolutionConfigurationPlatforms) = preSolution
		Debug|Win32 = Debug|Win32
		Release|Win32 = Release|Win32
	EndGlobalSection
	GlobalSection(ProjectConfigurationPlatforms) = postSolution
		{8DBB6693-C891-4FA2-9B6B-C0797CFFB0EF}.Debug|Win32.ActiveCfg = Debug|Win32
		{8DBB6693-C891-4FA2-9B6B-C0797CFFB0EF}.Debug|Win32.Build.0 = Debug|Win32
		{8DBB6693-C891-4FA2-9B6B-C0797CFFB0EF}.Release|Win32.ActiveCfg = Release|Win32
		{8DBB6693-C891-4FA2-9B6B-C0797CFFB0EF}.Release|Win32.Build.0 = Release|Win32
		{84F1D248-6FFC-4DA1-BECB-828966AD5E40}.Debug|Win32.ActiveCfg = Debug|Win32
		{84F1D248-6FFC-4DA1-BECB-828966AD5E40}.Debug|Win32.Build.0 = Debug|Win32
		{84F1D248-6FFC-4DA1-BECB-828966AD5E40}.Release|Win32.ActiveCfg = Release|Win32
		{84F1D248-6FFC-4DA1-BECB-828966AD5E40}.Release|Win32.Build.0 = Release|Win32
		{1A74C571-0C21-4421-BA25-272EAB2F2DC4}.Debug|Win32.ActiveCfg = Debug|Win32
		{1A74C571-0C21-4421-BA25-272EAB2F2DC4}.Debug|Win32.Build.0 = Debug|Win32
		{1A74C571-0C21-4421-BA25-272EAB2F2DC4}.Release|Win32.ActiveCfg = Release|Win32
		{1A74C571-0C21-4421-BA25-272EAB2F2DC4}.Release|Win32.Build.0 = Release|Win32
		{C9747981-81EB-4DE7-A2E9-8C35BA5224C1}.Debug|Win32.ActiveCfg = Debug|Win32
		{C9747981-81EB-4DE7-A2E9-8C35BA5224C1}.Debug|Win32.Build.0 = Debug|Win32
		{C9747981-81EB-4DE7-A2E9-8C35BA5224C1}.Release|Win32.ActiveCfg = Release|Win32
		{C9747981-81EB-4DE7-A2E9-8C35BA5224C1}.Release|Win32.Build.0 = Release|Win32
		{8A471936-DC1C-4D8D-A266-CEF82BB51A2E}.Debug|Win32.ActiveCfg = Debug|Win32
		{8A471936-DC1C-4D8D-A266-CEF82BB51A2E}.Debug|Win32.Build.0 = Debug|Win32
		{8A471936-DC1C-4D8D-A266-CEF82BB51A2E}.Release|Win32.ActiveCfg = Release|Win32
		{8A471936-DC1C-4D8D-A266-CEF82BB51A2E}.Release|Win32.Build.0 = Release|Win32
		{26E6554B-4830-426D-A33F-9F0D7ED4B9D1}.Debug|Win32.ActiveCfg = Debug|Win32
		{26E6554B-4830-426D-A33F-9F0D7ED4B9D1}.Debug|Win32.Build.0 = Debug|Win32
		{26E6554B-4830-426D-A33F-9F0D7ED4B9D1}.Release|Win32.ActiveCfg = Release|Win32
		{26E6554B-4830-426D-A33F-9F0D7ED4B9D1}.Release|Win32.Build.0 = Release|Win32
		{CE89F23A-6821-4096-9A0B-AB5FFD3F6FD0}.Debug|Win32.ActiveCfg = Debug|Win32
		{CE89F23A-6821-4096-9A0B-AB5FFD3F6FD0}.Debug|Win32.Build.0 = Debug|Win32
		{CE89F23A-6821-4096-9A0B-AB5FFD3F6FD0}.Release|Win32.ActiveCfg = Release|Win32
		{CE89F23A-6821-4096-9A0B-AB5FFD3F6FD0}.Release|Win32.Build.0 = Release|Win32
	EndGlobalSection
	GlobalSection(SolutionProperties) = preSolution
		HideSolutionNode = FALSE
	EndGlobalSection
EndGlobal
